
Microsoft Visual Studio Solution File, Format Version 12.00
# Visual Studio 15
VisualStudioVersion = 15.0.26228.9
MinimumVisualStudioVersion = 10.0.40219.1
Project("{9A19103F-16F7-4668-BE54-9A1E7A4F7556}") = "Fabric.Databus.Json", "Fabric.Databus.Json\Fabric.Databus.Json.csproj", "{FC8CF81F-9790-4A46-9FD8-AFB220C4EF81}"
EndProject
Project("{9A19103F-16F7-4668-BE54-9A1E7A4F7556}") = "Fabric.Databus.ZipCodeToGeoCode", "Fabric.Databus.ZipCodeToGeoCode\Fabric.Databus.ZipCodeToGeoCode.csproj", "{5BA49A86-B7FA-4504-92D1-DB7AC5695B09}"
EndProject
Project("{9A19103F-16F7-4668-BE54-9A1E7A4F7556}") = "Fabric.Databus.JsonSchema", "Fabric.Databus.JsonSchema\Fabric.Databus.JsonSchema.csproj", "{DF401A17-F37B-4DB4-85F3-113DA9906305}"
EndProject
Project("{9A19103F-16F7-4668-BE54-9A1E7A4F7556}") = "Fabric.Databus.ElasticSearch", "Fabric.Databus.ElasticSearch\Fabric.Databus.ElasticSearch.csproj", "{3BBF6CF0-197F-4980-BDAF-1418E473C014}"
EndProject
Project("{FAE04EC0-301F-11D3-BF4B-00C04F79EFBC}") = "ElasticSearchSqlFeederConsole", "ElasticSearchSqlFeederConsole\ElasticSearchSqlFeederConsole.csproj", "{148CF889-C721-4AD9-83BF-BDF7629A8C55}"
EndProject
Project("{9A19103F-16F7-4668-BE54-9A1E7A4F7556}") = "Fabric.Databus.Interfaces", "Fabric.Databus.Interfaces\Fabric.Databus.Interfaces.csproj", "{A6C96BFB-24C4-482A-A3DA-54C2BB5A2B4F}"
EndProject
Project("{9A19103F-16F7-4668-BE54-9A1E7A4F7556}") = "Fabric.Databus.Shared", "Fabric.Databus.Shared\Fabric.Databus.Shared.csproj", "{ADE06C2E-4DD9-4C82-ACE2-BFEB881F74EF}"
EndProject
Project("{9A19103F-16F7-4668-BE54-9A1E7A4F7556}") = "Fabric.Databus.Queues", "Fabric.Databus.Queues\Fabric.Databus.Queues.csproj", "{623DECA8-87EE-4C04-B245-3F2DAA152289}"
EndProject
Project("{9A19103F-16F7-4668-BE54-9A1E7A4F7556}") = "Fabric.Databus.ProgressMonitors", "Fabric.Databus.ProgressMonitors\Fabric.Databus.ProgressMonitors.csproj", "{6B54F568-E193-4B5E-B3A6-827B1D2ACD2E}"
EndProject
Project("{2150E333-8FDC-42A3-9474-1A3956D46DE8}") = "Console", "Console", "{E4FEF435-44CC-4F2A-8AEF-8317C410EB4C}"
EndProject
Project("{2150E333-8FDC-42A3-9474-1A3956D46DE8}") = "Helpers", "Helpers", "{D4A68346-FF80-41DA-8E69-32CDA0A7F8B9}"
EndProject
Project("{2150E333-8FDC-42A3-9474-1A3956D46DE8}") = "Solution Items", "Solution Items", "{03634C02-9237-4D59-996C-60D718E01CBF}"
	ProjectSection(SolutionItems) = preProject
		publishdocker.sh = publishdocker.sh
		rundocker.cmd = rundocker.cmd
	EndProjectSection
EndProject
Project("{2150E333-8FDC-42A3-9474-1A3956D46DE8}") = "configs", "configs", "{0FAB6634-9A09-434B-8679-D3AB04A3A991}"
	ProjectSection(SolutionItems) = preProject
		configs\config.schema = configs\config.schema
	EndProjectSection
EndProject
Project("{2150E333-8FDC-42A3-9474-1A3956D46DE8}") = "docker", "docker", "{BE2F7D4B-C934-458B-AC4F-26321870F25F}"
	ProjectSection(SolutionItems) = preProject
		configs\docker\config.json = configs\docker\config.json
	EndProjectSection
EndProject
Project("{2150E333-8FDC-42A3-9474-1A3956D46DE8}") = "localhost", "localhost", "{3EFB9E07-4AD4-4A75-9C40-E42877A607F5}"
	ProjectSection(SolutionItems) = preProject
		configs\localhost\config.json = configs\localhost\config.json
		configs\localhost\fhir.xml = configs\localhost\fhir.xml
		configs\localhost\job.xml = configs\localhost\job.xml
		configs\localhost\test.xml = configs\localhost\test.xml
	EndProjectSection
EndProject
Project("{2150E333-8FDC-42A3-9474-1A3956D46DE8}") = "Web", "Web", "{08C7F77C-30FE-40AC-AD28-1076D3EF24CC}"
EndProject
Project("{9A19103F-16F7-4668-BE54-9A1E7A4F7556}") = "Fabric.Databus.API", "Fabric.Databus.API\Fabric.Databus.API.csproj", "{52D08AD1-46FF-42D3-AC93-2D9B2109AFAC}"
EndProject
Project("{2150E333-8FDC-42A3-9474-1A3956D46DE8}") = "cafe", "cafe", "{E2C388FB-4619-4FE2-A372-C02316467ABD}"
	ProjectSection(SolutionItems) = preProject
		configs\cafe\config.json = configs\cafe\config.json
		configs\cafe\job.xml = configs\cafe\job.xml
	EndProjectSection
EndProject
Project("{9A19103F-16F7-4668-BE54-9A1E7A4F7556}") = "Fabric.Databus.Schema", "Fabric.Databus.Schema\Fabric.Databus.Schema.csproj", "{1738C3E7-4DA1-4A7F-9A2A-E595968EE8A9}"
EndProject
Project("{9A19103F-16F7-4668-BE54-9A1E7A4F7556}") = "Fabric.Databus.Config", "Fabric.Databus.Config\Fabric.Databus.Config.csproj", "{C0ED4050-E7FB-4C68-ADF1-6C8E290A2950}"
EndProject
Project("{9A19103F-16F7-4668-BE54-9A1E7A4F7556}") = "Fabric.Databus.Domain", "Fabric.Databus.Domain\Fabric.Databus.Domain.csproj", "{DC1C2DFF-2458-4396-A872-E44FEF249DE1}"
EndProject
Project("{9A19103F-16F7-4668-BE54-9A1E7A4F7556}") = "Fabric.Shared", "Fabric.Shared\Fabric.Shared.csproj", "{BB878905-9592-4A9D-A811-46E73D9F7F6A}"
EndProject
Project("{2150E333-8FDC-42A3-9474-1A3956D46DE8}") = "Tests", "Tests", "{AA32DFFD-FEB5-4676-995E-A41DAE5752E8}"
EndProject
Project("{FAE04EC0-301F-11D3-BF4B-00C04F79EFBC}") = "PipelineSteps.Tests", "PipelineSteps.Tests\PipelineSteps.Tests.csproj", "{7D79D811-9527-44FA-B9AA-1B339A9C5B3A}"
EndProject
Project("{FAE04EC0-301F-11D3-BF4B-00C04F79EFBC}") = "Fabric.Shared.Tests", "Fabric.Shared.Tests\Fabric.Shared.Tests.csproj", "{95CD492E-6D4A-4D9F-A307-1CCADD7BB0ED}"
EndProject
Project("{2150E333-8FDC-42A3-9474-1A3956D46DE8}") = "PipelineSteps", "PipelineSteps", "{E05C9DF2-FD60-496E-AE8E-EE2B7D488DC6}"
EndProject
Project("{9A19103F-16F7-4668-BE54-9A1E7A4F7556}") = "SqlBatchPipelineStep", "PipelineSteps\SqlBatchPipelineStep\SqlBatchPipelineStep.csproj", "{D6AC0664-F085-4228-980E-0DCE58E1CF35}"
EndProject
Project("{9A19103F-16F7-4668-BE54-9A1E7A4F7556}") = "QueueItems", "QueueItems\QueueItems.csproj", "{EFC37D49-40FA-4F53-B956-B63F7EB47244}"
EndProject
Project("{9A19103F-16F7-4668-BE54-9A1E7A4F7556}") = "SqlImportPipelineStep", "PipelineSteps\SqlImportPipelineStep\SqlImportPipelineStep.csproj", "{006D43E7-A1EB-4C7A-B200-E5AEB77F3DAC}"
EndProject
Project("{9A19103F-16F7-4668-BE54-9A1E7A4F7556}") = "ConvertDatabaseRowToJsonPipelineStep", "PipelineSteps\ConvertDatabaseRowToJsonPipelineStep\ConvertDatabaseRowToJsonPipelineStep.csproj", "{F2250C96-197D-42EB-8E37-22255C8F81B5}"
EndProject
Project("{9A19103F-16F7-4668-BE54-9A1E7A4F7556}") = "FileUploadPipelineStep", "PipelineSteps\FileUploadPipelineStep\FileUploadPipelineStep.csproj", "{7B4B18B6-4657-4627-9546-45F567596015}"
EndProject
Project("{9A19103F-16F7-4668-BE54-9A1E7A4F7556}") = "MappingUploadPipelineStep", "PipelineSteps\MappingUploadPipelineStep\MappingUploadPipelineStep.csproj", "{83F19C59-C1D6-4D70-9C76-CF36B5B1F423}"
EndProject
Project("{9A19103F-16F7-4668-BE54-9A1E7A4F7556}") = "CreateBatchItemsPipelineStep", "PipelineSteps\CreateBatchItemsPipelineStep\CreateBatchItemsPipelineStep.csproj", "{E6B53794-9D7D-4688-AC87-B229E49D681B}"
EndProject
Project("{9A19103F-16F7-4668-BE54-9A1E7A4F7556}") = "DummyMappingUploadPipelineStep", "PipelineSteps\DummyMappingUploadPipelineStep\DummyMappingUploadPipelineStep.csproj", "{B8712B8C-A76D-496C-AD15-BC13EA3BA870}"
EndProject
Project("{9A19103F-16F7-4668-BE54-9A1E7A4F7556}") = "FileSavePipelineStep", "PipelineSteps\FileSavePipelineStep\FileSavePipelineStep.csproj", "{C9A27F6C-DE16-4699-8623-0C5169FC4128}"
EndProject
Project("{9A19103F-16F7-4668-BE54-9A1E7A4F7556}") = "JsonDocumentMergerPipelineStep", "PipelineSteps\JsonDocumentMergerPipelineStep\JsonDocumentMergerPipelineStep.csproj", "{2D062F58-8DA2-4993-8EA5-D596544E1D72}"
EndProject
Project("{9A19103F-16F7-4668-BE54-9A1E7A4F7556}") = "SaveBatchPipelineStep", "PipelineSteps\SaveBatchPipelineStep\SaveBatchPipelineStep.csproj", "{C2E36B66-0231-4952-945D-252B58CD0BA4}"
EndProject
Project("{9A19103F-16F7-4668-BE54-9A1E7A4F7556}") = "SaveSchemaPipelineStep", "PipelineSteps\SaveSchemaPipelineStep\SaveSchemaPipelineStep.csproj", "{939E622B-F7D7-4C51-9878-C62939FBF5B4}"
EndProject
Project("{9A19103F-16F7-4668-BE54-9A1E7A4F7556}") = "SqlGetSchemaPipelineStep", "PipelineSteps\SqlGetSchemaPipelineStep\SqlGetSchemaPipelineStep.csproj", "{51002114-0F10-403E-AE3E-2A55C27590B4}"
EndProject
Project("{9A19103F-16F7-4668-BE54-9A1E7A4F7556}") = "BasePipelineStep", "PipelineSteps\BasePipelineStep\BasePipelineStep.csproj", "{CFD6967D-8547-42ED-8EED-CBAA607CDDED}"
EndProject
Project("{FAE04EC0-301F-11D3-BF4B-00C04F79EFBC}") = "Fabric.DataBus.Client", "Fabric.DataBus.Client\Fabric.DataBus.Client.csproj", "{CA8ABDC1-A834-4C57-BC3A-E7C6D3BA0AD0}"
EndProject
Project("{9A19103F-16F7-4668-BE54-9A1E7A4F7556}") = "PipelineRunner", "PipelineRunner\PipelineRunner.csproj", "{AF1ADF05-EC10-43EA-877E-AD504A113B58}"
EndProject
Project("{FAE04EC0-301F-11D3-BF4B-00C04F79EFBC}") = "PipelineRunnerTests", "PipelineRunnerTests\PipelineRunnerTests.csproj", "{F03C5E9C-2DDA-4709-8F98-4690944CFB0D}"
EndProject
Project("{9A19103F-16F7-4668-BE54-9A1E7A4F7556}") = "SqlJobPipelineStep", "PipelineSteps\SqlJobPipelineStep\SqlJobPipelineStep.csproj", "{5B02967E-E834-4ABD-A2FF-80EE5A17B0B5}"
EndProject
Project("{2150E333-8FDC-42A3-9474-1A3956D46DE8}") = "Sql", "Sql", "{2BA682DB-D121-49E3-A577-DD819BC341F7}"
	ProjectSection(SolutionItems) = preProject
		CreateDatabase.sql = CreateDatabase.sql
		CreateTables.sql = CreateTables.sql
		InitPatientDiagnoses.sql = InitPatientDiagnoses.sql
		InitPatientLabs.sql = InitPatientLabs.sql
		InitPatients.sql = InitPatients.sql
	EndProjectSection
EndProject
Project("{2150E333-8FDC-42A3-9474-1A3956D46DE8}") = "Clients", "Clients", "{8E854DC5-EBE7-4581-81F6-EAA4AA10A871}"
EndProject
Project("{2150E333-8FDC-42A3-9474-1A3956D46DE8}") = "Nuget", "Nuget", "{653263D1-A870-4A19-919D-0F56BA7870B9}"
EndProject
Project("{9A19103F-16F7-4668-BE54-9A1E7A4F7556}") = "Fabric.Databus.Http", "Fabric.Databus.Http\Fabric.Databus.Http.csproj", "{BCCDABF8-94F7-4D4E-812A-908E8A436B14}"
EndProject
Project("{2150E333-8FDC-42A3-9474-1A3956D46DE8}") = "Interfaces", "Interfaces", "{6AC867EE-AFAA-4249-991E-084E913880D0}"
EndProject
Project("{2150E333-8FDC-42A3-9474-1A3956D46DE8}") = "QueueItems", "QueueItems", "{B17F587A-53E5-4A41-B5C2-86311AC57E0B}"
EndProject
Global
	GlobalSection(SolutionConfigurationPlatforms) = preSolution
		Debug|Any CPU = Debug|Any CPU
		Release|Any CPU = Release|Any CPU
	EndGlobalSection
	GlobalSection(ProjectConfigurationPlatforms) = postSolution
		{FC8CF81F-9790-4A46-9FD8-AFB220C4EF81}.Debug|Any CPU.ActiveCfg = Debug|Any CPU
		{FC8CF81F-9790-4A46-9FD8-AFB220C4EF81}.Debug|Any CPU.Build.0 = Debug|Any CPU
		{FC8CF81F-9790-4A46-9FD8-AFB220C4EF81}.Release|Any CPU.ActiveCfg = Release|Any CPU
		{FC8CF81F-9790-4A46-9FD8-AFB220C4EF81}.Release|Any CPU.Build.0 = Release|Any CPU
		{5BA49A86-B7FA-4504-92D1-DB7AC5695B09}.Debug|Any CPU.ActiveCfg = Debug|Any CPU
		{5BA49A86-B7FA-4504-92D1-DB7AC5695B09}.Debug|Any CPU.Build.0 = Debug|Any CPU
		{5BA49A86-B7FA-4504-92D1-DB7AC5695B09}.Release|Any CPU.ActiveCfg = Release|Any CPU
		{5BA49A86-B7FA-4504-92D1-DB7AC5695B09}.Release|Any CPU.Build.0 = Release|Any CPU
		{DF401A17-F37B-4DB4-85F3-113DA9906305}.Debug|Any CPU.ActiveCfg = Debug|Any CPU
		{DF401A17-F37B-4DB4-85F3-113DA9906305}.Debug|Any CPU.Build.0 = Debug|Any CPU
		{DF401A17-F37B-4DB4-85F3-113DA9906305}.Release|Any CPU.ActiveCfg = Release|Any CPU
		{DF401A17-F37B-4DB4-85F3-113DA9906305}.Release|Any CPU.Build.0 = Release|Any CPU
		{3BBF6CF0-197F-4980-BDAF-1418E473C014}.Debug|Any CPU.ActiveCfg = Debug|Any CPU
		{3BBF6CF0-197F-4980-BDAF-1418E473C014}.Debug|Any CPU.Build.0 = Debug|Any CPU
		{3BBF6CF0-197F-4980-BDAF-1418E473C014}.Release|Any CPU.ActiveCfg = Release|Any CPU
		{3BBF6CF0-197F-4980-BDAF-1418E473C014}.Release|Any CPU.Build.0 = Release|Any CPU
		{148CF889-C721-4AD9-83BF-BDF7629A8C55}.Debug|Any CPU.ActiveCfg = Debug|Any CPU
		{148CF889-C721-4AD9-83BF-BDF7629A8C55}.Debug|Any CPU.Build.0 = Debug|Any CPU
		{148CF889-C721-4AD9-83BF-BDF7629A8C55}.Release|Any CPU.ActiveCfg = Release|Any CPU
		{148CF889-C721-4AD9-83BF-BDF7629A8C55}.Release|Any CPU.Build.0 = Release|Any CPU
		{A6C96BFB-24C4-482A-A3DA-54C2BB5A2B4F}.Debug|Any CPU.ActiveCfg = Debug|Any CPU
		{A6C96BFB-24C4-482A-A3DA-54C2BB5A2B4F}.Debug|Any CPU.Build.0 = Debug|Any CPU
		{A6C96BFB-24C4-482A-A3DA-54C2BB5A2B4F}.Release|Any CPU.ActiveCfg = Release|Any CPU
		{A6C96BFB-24C4-482A-A3DA-54C2BB5A2B4F}.Release|Any CPU.Build.0 = Release|Any CPU
		{ADE06C2E-4DD9-4C82-ACE2-BFEB881F74EF}.Debug|Any CPU.ActiveCfg = Debug|Any CPU
		{ADE06C2E-4DD9-4C82-ACE2-BFEB881F74EF}.Debug|Any CPU.Build.0 = Debug|Any CPU
		{ADE06C2E-4DD9-4C82-ACE2-BFEB881F74EF}.Release|Any CPU.ActiveCfg = Release|Any CPU
		{ADE06C2E-4DD9-4C82-ACE2-BFEB881F74EF}.Release|Any CPU.Build.0 = Release|Any CPU
		{623DECA8-87EE-4C04-B245-3F2DAA152289}.Debug|Any CPU.ActiveCfg = Debug|Any CPU
		{623DECA8-87EE-4C04-B245-3F2DAA152289}.Debug|Any CPU.Build.0 = Debug|Any CPU
		{623DECA8-87EE-4C04-B245-3F2DAA152289}.Release|Any CPU.ActiveCfg = Release|Any CPU
		{623DECA8-87EE-4C04-B245-3F2DAA152289}.Release|Any CPU.Build.0 = Release|Any CPU
		{6B54F568-E193-4B5E-B3A6-827B1D2ACD2E}.Debug|Any CPU.ActiveCfg = Debug|Any CPU
		{6B54F568-E193-4B5E-B3A6-827B1D2ACD2E}.Debug|Any CPU.Build.0 = Debug|Any CPU
		{6B54F568-E193-4B5E-B3A6-827B1D2ACD2E}.Release|Any CPU.ActiveCfg = Release|Any CPU
		{6B54F568-E193-4B5E-B3A6-827B1D2ACD2E}.Release|Any CPU.Build.0 = Release|Any CPU
		{52D08AD1-46FF-42D3-AC93-2D9B2109AFAC}.Debug|Any CPU.ActiveCfg = Debug|Any CPU
		{52D08AD1-46FF-42D3-AC93-2D9B2109AFAC}.Debug|Any CPU.Build.0 = Debug|Any CPU
		{52D08AD1-46FF-42D3-AC93-2D9B2109AFAC}.Release|Any CPU.ActiveCfg = Release|Any CPU
		{52D08AD1-46FF-42D3-AC93-2D9B2109AFAC}.Release|Any CPU.Build.0 = Release|Any CPU
		{1738C3E7-4DA1-4A7F-9A2A-E595968EE8A9}.Debug|Any CPU.ActiveCfg = Debug|Any CPU
		{1738C3E7-4DA1-4A7F-9A2A-E595968EE8A9}.Debug|Any CPU.Build.0 = Debug|Any CPU
		{1738C3E7-4DA1-4A7F-9A2A-E595968EE8A9}.Release|Any CPU.ActiveCfg = Release|Any CPU
		{1738C3E7-4DA1-4A7F-9A2A-E595968EE8A9}.Release|Any CPU.Build.0 = Release|Any CPU
		{C0ED4050-E7FB-4C68-ADF1-6C8E290A2950}.Debug|Any CPU.ActiveCfg = Debug|Any CPU
		{C0ED4050-E7FB-4C68-ADF1-6C8E290A2950}.Debug|Any CPU.Build.0 = Debug|Any CPU
		{C0ED4050-E7FB-4C68-ADF1-6C8E290A2950}.Release|Any CPU.ActiveCfg = Release|Any CPU
		{C0ED4050-E7FB-4C68-ADF1-6C8E290A2950}.Release|Any CPU.Build.0 = Release|Any CPU
		{DC1C2DFF-2458-4396-A872-E44FEF249DE1}.Debug|Any CPU.ActiveCfg = Debug|Any CPU
		{DC1C2DFF-2458-4396-A872-E44FEF249DE1}.Debug|Any CPU.Build.0 = Debug|Any CPU
		{DC1C2DFF-2458-4396-A872-E44FEF249DE1}.Release|Any CPU.ActiveCfg = Release|Any CPU
		{DC1C2DFF-2458-4396-A872-E44FEF249DE1}.Release|Any CPU.Build.0 = Release|Any CPU
		{BB878905-9592-4A9D-A811-46E73D9F7F6A}.Debug|Any CPU.ActiveCfg = Debug|Any CPU
		{BB878905-9592-4A9D-A811-46E73D9F7F6A}.Debug|Any CPU.Build.0 = Debug|Any CPU
		{BB878905-9592-4A9D-A811-46E73D9F7F6A}.Release|Any CPU.ActiveCfg = Release|Any CPU
		{BB878905-9592-4A9D-A811-46E73D9F7F6A}.Release|Any CPU.Build.0 = Release|Any CPU
		{7D79D811-9527-44FA-B9AA-1B339A9C5B3A}.Debug|Any CPU.ActiveCfg = Debug|Any CPU
		{7D79D811-9527-44FA-B9AA-1B339A9C5B3A}.Debug|Any CPU.Build.0 = Debug|Any CPU
		{7D79D811-9527-44FA-B9AA-1B339A9C5B3A}.Release|Any CPU.ActiveCfg = Release|Any CPU
		{7D79D811-9527-44FA-B9AA-1B339A9C5B3A}.Release|Any CPU.Build.0 = Release|Any CPU
		{95CD492E-6D4A-4D9F-A307-1CCADD7BB0ED}.Debug|Any CPU.ActiveCfg = Debug|Any CPU
		{95CD492E-6D4A-4D9F-A307-1CCADD7BB0ED}.Debug|Any CPU.Build.0 = Debug|Any CPU
		{95CD492E-6D4A-4D9F-A307-1CCADD7BB0ED}.Release|Any CPU.ActiveCfg = Release|Any CPU
		{95CD492E-6D4A-4D9F-A307-1CCADD7BB0ED}.Release|Any CPU.Build.0 = Release|Any CPU
		{D6AC0664-F085-4228-980E-0DCE58E1CF35}.Debug|Any CPU.ActiveCfg = Debug|Any CPU
		{D6AC0664-F085-4228-980E-0DCE58E1CF35}.Debug|Any CPU.Build.0 = Debug|Any CPU
		{D6AC0664-F085-4228-980E-0DCE58E1CF35}.Release|Any CPU.ActiveCfg = Release|Any CPU
		{D6AC0664-F085-4228-980E-0DCE58E1CF35}.Release|Any CPU.Build.0 = Release|Any CPU
		{EFC37D49-40FA-4F53-B956-B63F7EB47244}.Debug|Any CPU.ActiveCfg = Debug|Any CPU
		{EFC37D49-40FA-4F53-B956-B63F7EB47244}.Debug|Any CPU.Build.0 = Debug|Any CPU
		{EFC37D49-40FA-4F53-B956-B63F7EB47244}.Release|Any CPU.ActiveCfg = Release|Any CPU
		{EFC37D49-40FA-4F53-B956-B63F7EB47244}.Release|Any CPU.Build.0 = Release|Any CPU
		{006D43E7-A1EB-4C7A-B200-E5AEB77F3DAC}.Debug|Any CPU.ActiveCfg = Debug|Any CPU
		{006D43E7-A1EB-4C7A-B200-E5AEB77F3DAC}.Debug|Any CPU.Build.0 = Debug|Any CPU
		{006D43E7-A1EB-4C7A-B200-E5AEB77F3DAC}.Release|Any CPU.ActiveCfg = Release|Any CPU
		{006D43E7-A1EB-4C7A-B200-E5AEB77F3DAC}.Release|Any CPU.Build.0 = Release|Any CPU
		{F2250C96-197D-42EB-8E37-22255C8F81B5}.Debug|Any CPU.ActiveCfg = Debug|Any CPU
		{F2250C96-197D-42EB-8E37-22255C8F81B5}.Debug|Any CPU.Build.0 = Debug|Any CPU
		{F2250C96-197D-42EB-8E37-22255C8F81B5}.Release|Any CPU.ActiveCfg = Release|Any CPU
		{F2250C96-197D-42EB-8E37-22255C8F81B5}.Release|Any CPU.Build.0 = Release|Any CPU
		{7B4B18B6-4657-4627-9546-45F567596015}.Debug|Any CPU.ActiveCfg = Debug|Any CPU
		{7B4B18B6-4657-4627-9546-45F567596015}.Debug|Any CPU.Build.0 = Debug|Any CPU
		{7B4B18B6-4657-4627-9546-45F567596015}.Release|Any CPU.ActiveCfg = Release|Any CPU
		{7B4B18B6-4657-4627-9546-45F567596015}.Release|Any CPU.Build.0 = Release|Any CPU
		{83F19C59-C1D6-4D70-9C76-CF36B5B1F423}.Debug|Any CPU.ActiveCfg = Debug|Any CPU
		{83F19C59-C1D6-4D70-9C76-CF36B5B1F423}.Debug|Any CPU.Build.0 = Debug|Any CPU
		{83F19C59-C1D6-4D70-9C76-CF36B5B1F423}.Release|Any CPU.ActiveCfg = Release|Any CPU
		{83F19C59-C1D6-4D70-9C76-CF36B5B1F423}.Release|Any CPU.Build.0 = Release|Any CPU
		{E6B53794-9D7D-4688-AC87-B229E49D681B}.Debug|Any CPU.ActiveCfg = Debug|Any CPU
		{E6B53794-9D7D-4688-AC87-B229E49D681B}.Debug|Any CPU.Build.0 = Debug|Any CPU
		{E6B53794-9D7D-4688-AC87-B229E49D681B}.Release|Any CPU.ActiveCfg = Release|Any CPU
		{E6B53794-9D7D-4688-AC87-B229E49D681B}.Release|Any CPU.Build.0 = Release|Any CPU
		{B8712B8C-A76D-496C-AD15-BC13EA3BA870}.Debug|Any CPU.ActiveCfg = Debug|Any CPU
		{B8712B8C-A76D-496C-AD15-BC13EA3BA870}.Debug|Any CPU.Build.0 = Debug|Any CPU
		{B8712B8C-A76D-496C-AD15-BC13EA3BA870}.Release|Any CPU.ActiveCfg = Release|Any CPU
		{B8712B8C-A76D-496C-AD15-BC13EA3BA870}.Release|Any CPU.Build.0 = Release|Any CPU
		{C9A27F6C-DE16-4699-8623-0C5169FC4128}.Debug|Any CPU.ActiveCfg = Debug|Any CPU
		{C9A27F6C-DE16-4699-8623-0C5169FC4128}.Debug|Any CPU.Build.0 = Debug|Any CPU
		{C9A27F6C-DE16-4699-8623-0C5169FC4128}.Release|Any CPU.ActiveCfg = Release|Any CPU
		{C9A27F6C-DE16-4699-8623-0C5169FC4128}.Release|Any CPU.Build.0 = Release|Any CPU
		{2D062F58-8DA2-4993-8EA5-D596544E1D72}.Debug|Any CPU.ActiveCfg = Debug|Any CPU
		{2D062F58-8DA2-4993-8EA5-D596544E1D72}.Debug|Any CPU.Build.0 = Debug|Any CPU
		{2D062F58-8DA2-4993-8EA5-D596544E1D72}.Release|Any CPU.ActiveCfg = Release|Any CPU
		{2D062F58-8DA2-4993-8EA5-D596544E1D72}.Release|Any CPU.Build.0 = Release|Any CPU
		{C2E36B66-0231-4952-945D-252B58CD0BA4}.Debug|Any CPU.ActiveCfg = Debug|Any CPU
		{C2E36B66-0231-4952-945D-252B58CD0BA4}.Debug|Any CPU.Build.0 = Debug|Any CPU
		{C2E36B66-0231-4952-945D-252B58CD0BA4}.Release|Any CPU.ActiveCfg = Release|Any CPU
		{C2E36B66-0231-4952-945D-252B58CD0BA4}.Release|Any CPU.Build.0 = Release|Any CPU
		{939E622B-F7D7-4C51-9878-C62939FBF5B4}.Debug|Any CPU.ActiveCfg = Debug|Any CPU
		{939E622B-F7D7-4C51-9878-C62939FBF5B4}.Debug|Any CPU.Build.0 = Debug|Any CPU
		{939E622B-F7D7-4C51-9878-C62939FBF5B4}.Release|Any CPU.ActiveCfg = Release|Any CPU
		{939E622B-F7D7-4C51-9878-C62939FBF5B4}.Release|Any CPU.Build.0 = Release|Any CPU
		{51002114-0F10-403E-AE3E-2A55C27590B4}.Debug|Any CPU.ActiveCfg = Debug|Any CPU
		{51002114-0F10-403E-AE3E-2A55C27590B4}.Debug|Any CPU.Build.0 = Debug|Any CPU
		{51002114-0F10-403E-AE3E-2A55C27590B4}.Release|Any CPU.ActiveCfg = Release|Any CPU
		{51002114-0F10-403E-AE3E-2A55C27590B4}.Release|Any CPU.Build.0 = Release|Any CPU
		{CFD6967D-8547-42ED-8EED-CBAA607CDDED}.Debug|Any CPU.ActiveCfg = Debug|Any CPU
		{CFD6967D-8547-42ED-8EED-CBAA607CDDED}.Debug|Any CPU.Build.0 = Debug|Any CPU
		{CFD6967D-8547-42ED-8EED-CBAA607CDDED}.Release|Any CPU.ActiveCfg = Release|Any CPU
		{CFD6967D-8547-42ED-8EED-CBAA607CDDED}.Release|Any CPU.Build.0 = Release|Any CPU
		{CA8ABDC1-A834-4C57-BC3A-E7C6D3BA0AD0}.Debug|Any CPU.ActiveCfg = Debug|Any CPU
		{CA8ABDC1-A834-4C57-BC3A-E7C6D3BA0AD0}.Debug|Any CPU.Build.0 = Debug|Any CPU
		{CA8ABDC1-A834-4C57-BC3A-E7C6D3BA0AD0}.Release|Any CPU.ActiveCfg = Release|Any CPU
		{CA8ABDC1-A834-4C57-BC3A-E7C6D3BA0AD0}.Release|Any CPU.Build.0 = Release|Any CPU
		{AF1ADF05-EC10-43EA-877E-AD504A113B58}.Debug|Any CPU.ActiveCfg = Debug|Any CPU
		{AF1ADF05-EC10-43EA-877E-AD504A113B58}.Debug|Any CPU.Build.0 = Debug|Any CPU
		{AF1ADF05-EC10-43EA-877E-AD504A113B58}.Release|Any CPU.ActiveCfg = Release|Any CPU
		{AF1ADF05-EC10-43EA-877E-AD504A113B58}.Release|Any CPU.Build.0 = Release|Any CPU
		{F03C5E9C-2DDA-4709-8F98-4690944CFB0D}.Debug|Any CPU.ActiveCfg = Debug|Any CPU
		{F03C5E9C-2DDA-4709-8F98-4690944CFB0D}.Debug|Any CPU.Build.0 = Debug|Any CPU
		{F03C5E9C-2DDA-4709-8F98-4690944CFB0D}.Release|Any CPU.ActiveCfg = Release|Any CPU
		{F03C5E9C-2DDA-4709-8F98-4690944CFB0D}.Release|Any CPU.Build.0 = Release|Any CPU
		{5B02967E-E834-4ABD-A2FF-80EE5A17B0B5}.Debug|Any CPU.ActiveCfg = Debug|Any CPU
		{5B02967E-E834-4ABD-A2FF-80EE5A17B0B5}.Debug|Any CPU.Build.0 = Debug|Any CPU
		{5B02967E-E834-4ABD-A2FF-80EE5A17B0B5}.Release|Any CPU.ActiveCfg = Release|Any CPU
		{5B02967E-E834-4ABD-A2FF-80EE5A17B0B5}.Release|Any CPU.Build.0 = Release|Any CPU
		{BCCDABF8-94F7-4D4E-812A-908E8A436B14}.Debug|Any CPU.ActiveCfg = Debug|Any CPU
		{BCCDABF8-94F7-4D4E-812A-908E8A436B14}.Debug|Any CPU.Build.0 = Debug|Any CPU
		{BCCDABF8-94F7-4D4E-812A-908E8A436B14}.Release|Any CPU.ActiveCfg = Release|Any CPU
		{BCCDABF8-94F7-4D4E-812A-908E8A436B14}.Release|Any CPU.Build.0 = Release|Any CPU
	EndGlobalSection
	GlobalSection(SolutionProperties) = preSolution
		HideSolutionNode = FALSE
	EndGlobalSection
	GlobalSection(NestedProjects) = preSolution
		{FC8CF81F-9790-4A46-9FD8-AFB220C4EF81} = {D4A68346-FF80-41DA-8E69-32CDA0A7F8B9}
		{5BA49A86-B7FA-4504-92D1-DB7AC5695B09} = {D4A68346-FF80-41DA-8E69-32CDA0A7F8B9}
		{DF401A17-F37B-4DB4-85F3-113DA9906305} = {D4A68346-FF80-41DA-8E69-32CDA0A7F8B9}
		{3BBF6CF0-197F-4980-BDAF-1418E473C014} = {D4A68346-FF80-41DA-8E69-32CDA0A7F8B9}
		{148CF889-C721-4AD9-83BF-BDF7629A8C55} = {E4FEF435-44CC-4F2A-8AEF-8317C410EB4C}
		{A6C96BFB-24C4-482A-A3DA-54C2BB5A2B4F} = {6AC867EE-AFAA-4249-991E-084E913880D0}
		{ADE06C2E-4DD9-4C82-ACE2-BFEB881F74EF} = {D4A68346-FF80-41DA-8E69-32CDA0A7F8B9}
		{623DECA8-87EE-4C04-B245-3F2DAA152289} = {D4A68346-FF80-41DA-8E69-32CDA0A7F8B9}
		{6B54F568-E193-4B5E-B3A6-827B1D2ACD2E} = {D4A68346-FF80-41DA-8E69-32CDA0A7F8B9}
		{E4FEF435-44CC-4F2A-8AEF-8317C410EB4C} = {8E854DC5-EBE7-4581-81F6-EAA4AA10A871}
		{BE2F7D4B-C934-458B-AC4F-26321870F25F} = {0FAB6634-9A09-434B-8679-D3AB04A3A991}
		{3EFB9E07-4AD4-4A75-9C40-E42877A607F5} = {0FAB6634-9A09-434B-8679-D3AB04A3A991}
		{08C7F77C-30FE-40AC-AD28-1076D3EF24CC} = {8E854DC5-EBE7-4581-81F6-EAA4AA10A871}
		{52D08AD1-46FF-42D3-AC93-2D9B2109AFAC} = {08C7F77C-30FE-40AC-AD28-1076D3EF24CC}
		{E2C388FB-4619-4FE2-A372-C02316467ABD} = {0FAB6634-9A09-434B-8679-D3AB04A3A991}
		{1738C3E7-4DA1-4A7F-9A2A-E595968EE8A9} = {D4A68346-FF80-41DA-8E69-32CDA0A7F8B9}
		{C0ED4050-E7FB-4C68-ADF1-6C8E290A2950} = {D4A68346-FF80-41DA-8E69-32CDA0A7F8B9}
		{DC1C2DFF-2458-4396-A872-E44FEF249DE1} = {D4A68346-FF80-41DA-8E69-32CDA0A7F8B9}
		{BB878905-9592-4A9D-A811-46E73D9F7F6A} = {D4A68346-FF80-41DA-8E69-32CDA0A7F8B9}
		{7D79D811-9527-44FA-B9AA-1B339A9C5B3A} = {AA32DFFD-FEB5-4676-995E-A41DAE5752E8}
		{95CD492E-6D4A-4D9F-A307-1CCADD7BB0ED} = {AA32DFFD-FEB5-4676-995E-A41DAE5752E8}
		{D6AC0664-F085-4228-980E-0DCE58E1CF35} = {E05C9DF2-FD60-496E-AE8E-EE2B7D488DC6}
		{EFC37D49-40FA-4F53-B956-B63F7EB47244} = {B17F587A-53E5-4A41-B5C2-86311AC57E0B}
		{006D43E7-A1EB-4C7A-B200-E5AEB77F3DAC} = {E05C9DF2-FD60-496E-AE8E-EE2B7D488DC6}
		{F2250C96-197D-42EB-8E37-22255C8F81B5} = {E05C9DF2-FD60-496E-AE8E-EE2B7D488DC6}
		{7B4B18B6-4657-4627-9546-45F567596015} = {E05C9DF2-FD60-496E-AE8E-EE2B7D488DC6}
		{83F19C59-C1D6-4D70-9C76-CF36B5B1F423} = {E05C9DF2-FD60-496E-AE8E-EE2B7D488DC6}
		{E6B53794-9D7D-4688-AC87-B229E49D681B} = {E05C9DF2-FD60-496E-AE8E-EE2B7D488DC6}
		{B8712B8C-A76D-496C-AD15-BC13EA3BA870} = {E05C9DF2-FD60-496E-AE8E-EE2B7D488DC6}
		{C9A27F6C-DE16-4699-8623-0C5169FC4128} = {E05C9DF2-FD60-496E-AE8E-EE2B7D488DC6}
		{2D062F58-8DA2-4993-8EA5-D596544E1D72} = {E05C9DF2-FD60-496E-AE8E-EE2B7D488DC6}
		{C2E36B66-0231-4952-945D-252B58CD0BA4} = {E05C9DF2-FD60-496E-AE8E-EE2B7D488DC6}
		{939E622B-F7D7-4C51-9878-C62939FBF5B4} = {E05C9DF2-FD60-496E-AE8E-EE2B7D488DC6}
		{51002114-0F10-403E-AE3E-2A55C27590B4} = {E05C9DF2-FD60-496E-AE8E-EE2B7D488DC6}
		{CFD6967D-8547-42ED-8EED-CBAA607CDDED} = {E05C9DF2-FD60-496E-AE8E-EE2B7D488DC6}
		{CA8ABDC1-A834-4C57-BC3A-E7C6D3BA0AD0} = {653263D1-A870-4A19-919D-0F56BA7870B9}
		{F03C5E9C-2DDA-4709-8F98-4690944CFB0D} = {AA32DFFD-FEB5-4676-995E-A41DAE5752E8}
		{5B02967E-E834-4ABD-A2FF-80EE5A17B0B5} = {E05C9DF2-FD60-496E-AE8E-EE2B7D488DC6}
		{2BA682DB-D121-49E3-A577-DD819BC341F7} = {AA32DFFD-FEB5-4676-995E-A41DAE5752E8}
		{653263D1-A870-4A19-919D-0F56BA7870B9} = {8E854DC5-EBE7-4581-81F6-EAA4AA10A871}
		{BCCDABF8-94F7-4D4E-812A-908E8A436B14} = {D4A68346-FF80-41DA-8E69-32CDA0A7F8B9}
	EndGlobalSection
	GlobalSection(ExtensibilityGlobals) = postSolution
		SolutionGuid = {44DBC0CC-512E-4126-B1F3-B456CF44B07E}
	EndGlobalSection
EndGlobal
